
Microsoft Visual Studio Solution File, Format Version 12.00
Project("{FAE04EC0-301F-11D3-BF4B-00C04F79EFBC}") = "WebApiTorti", "WebApiTorti\WebApiTorti.csproj", "{2743DF75-4187-45A8-BD2B-493E386AEED4}"
EndProject
Project("{FAE04EC0-301F-11D3-BF4B-00C04F79EFBC}") = "WebFrontEndTorti", "WebFrontEndTorti\WebFrontEndTorti.csproj", "{5DC1349A-F2E7-4067-8E3F-3F61ADFD498F}"
EndProject
Global
	GlobalSection(SolutionConfigurationPlatforms) = preSolution
		Debug|Any CPU = Debug|Any CPU
		Release|Any CPU = Release|Any CPU
	EndGlobalSection
	GlobalSection(ProjectConfigurationPlatforms) = postSolution
		{2743DF75-4187-45A8-BD2B-493E386AEED4}.Debug|Any CPU.ActiveCfg = Debug|Any CPU
		{2743DF75-4187-45A8-BD2B-493E386AEED4}.Debug|Any CPU.Build.0 = Debug|Any CPU
		{2743DF75-4187-45A8-BD2B-493E386AEED4}.Release|Any CPU.ActiveCfg = Release|Any CPU
		{2743DF75-4187-45A8-BD2B-493E386AEED4}.Release|Any CPU.Build.0 = Release|Any CPU
		{5DC1349A-F2E7-4067-8E3F-3F61ADFD498F}.Debug|Any CPU.ActiveCfg = Debug|Any CPU
		{5DC1349A-F2E7-4067-8E3F-3F61ADFD498F}.Debug|Any CPU.Build.0 = Debug|Any CPU
		{5DC1349A-F2E7-4067-8E3F-3F61ADFD498F}.Release|Any CPU.ActiveCfg = Release|Any CPU
		{5DC1349A-F2E7-4067-8E3F-3F61ADFD498F}.Release|Any CPU.Build.0 = Release|Any CPU
	EndGlobalSection
EndGlobal
